
Microsoft Visual Studio Solution File, Format Version 12.00
# Visual Studio Version 16
VisualStudioVersion = 16.0.30406.217
MinimumVisualStudioVersion = 10.0.40219.1
Project("{FAE04EC0-301F-11D3-BF4B-00C04F79EFBC}") = "juegoconsola2", "juegoconsola2.csproj", "{A56A8987-128E-4AF3-97AA-C74E69BDBAF4}"
EndProject
Global
	GlobalSection(SolutionConfigurationPlatforms) = preSolution
		Debug|Any CPU = Debug|Any CPU
		Release|Any CPU = Release|Any CPU
	EndGlobalSection
	GlobalSection(ProjectConfigurationPlatforms) = postSolution
		{A56A8987-128E-4AF3-97AA-C74E69BDBAF4}.Debug|Any CPU.ActiveCfg = Debug|Any CPU
		{A56A8987-128E-4AF3-97AA-C74E69BDBAF4}.Debug|Any CPU.Build.0 = Debug|Any CPU
		{A56A8987-128E-4AF3-97AA-C74E69BDBAF4}.Release|Any CPU.ActiveCfg = Release|Any CPU
		{A56A8987-128E-4AF3-97AA-C74E69BDBAF4}.Release|Any CPU.Build.0 = Release|Any CPU
	EndGlobalSection
	GlobalSection(SolutionProperties) = preSolution
		HideSolutionNode = FALSE
	EndGlobalSection
	GlobalSection(ExtensibilityGlobals) = postSolution
		SolutionGuid = {BEA41580-6C1A-4CFD-BB45-76F0FF72C96B}
	EndGlobalSection
EndGlobal
